{
  "nodes": {
    "devshell": {
      "inputs": {
        "flake-utils": [
          "flake-utils"
        ],
        "nixpkgs": [
          "nixpkgs"
        ]
      },
      "locked": {
        "lastModified": 1646667754,
        "narHash": "sha256-LahZHvCC3UVzGQ55iWDRZkuDssXl1rYgqgScrPV9S38=",
        "owner": "numtide",
        "repo": "devshell",
        "rev": "59fbe1dfc0de8c3332957c16998a7d16dff365d8",
        "type": "github"
      },
      "original": {
        "owner": "numtide",
        "repo": "devshell",
        "type": "github"
      }
    },
    "flake-utils": {
      "locked": {
        "lastModified": 1644229661,
        "narHash": "sha256-1YdnJAsNy69bpcjuoKdOYQX0YxZBiCYZo4Twxerqv7k=",
        "owner": "numtide",
        "repo": "flake-utils",
        "rev": "3cecb5b042f7f209c56ffd8371b2711a290ec797",
        "type": "github"
      },
      "original": {
        "owner": "numtide",
        "repo": "flake-utils",
        "type": "github"
      }
    },
    "nix-review-tools": {
      "flake": false,
      "locked": {
        "lastModified": 1648152186,
        "narHash": "sha256-b4doilIuGE0XfqMGDnN8l1amrVVP5thJaloNonuyYEE=",
        "owner": "malob",
        "repo": "nix-review-tools",
        "rev": "47f7a81937a80dc61b412a097c9e746e0a655136",
        "type": "github"
      },
      "original": {
        "owner": "malob",
        "ref": "improve-reports",
        "repo": "nix-review-tools",
        "type": "github"
      }
    },
    "nixpkgs": {
      "locked": {
        "lastModified": 1646470760,
        "narHash": "sha256-dQISyucVCCPaFioUhy5ZgfBz8rOMKGI8k13aPDFTqEs=",
        "owner": "NixOS",
        "repo": "nixpkgs",
        "rev": "1fc7212a2c3992eedc6eedf498955c321ad81cc2",
        "type": "github"
      },
      "original": {
        "owner": "NixOS",
        "ref": "nixpkgs-unstable",
        "repo": "nixpkgs",
        "type": "github"
      }
    },
    "root": {
      "inputs": {
        "devshell": "devshell",
        "flake-utils": "flake-utils",
        "nix-review-tools": "nix-review-tools",
        "nixpkgs": "nixpkgs"
      }
    }
  },
  "root": "root",
  "version": 7
}
